
Microsoft Visual Studio Solution File, Format Version 12.00
# Visual Studio Version 16
VisualStudioVersion = 16.0.29230.47
MinimumVisualStudioVersion = 10.0.40219.1
Project("{FAE04EC0-301F-11D3-BF4B-00C04F79EFBC}") = "ValuesApi", "ValuesApi\ValuesApi.csproj", "{866FBB8B-AA28-4BB2-8531-91EE8590C8FB}"
EndProject
Global
	GlobalSection(SolutionConfigurationPlatforms) = preSolution
		Debug|Any CPU = Debug|Any CPU
		Release|Any CPU = Release|Any CPU
	EndGlobalSection
	GlobalSection(ProjectConfigurationPlatforms) = postSolution
		{866FBB8B-AA28-4BB2-8531-91EE8590C8FB}.Debug|Any CPU.ActiveCfg = Debug|Any CPU
		{866FBB8B-AA28-4BB2-8531-91EE8590C8FB}.Debug|Any CPU.Build.0 = Debug|Any CPU
		{866FBB8B-AA28-4BB2-8531-91EE8590C8FB}.Release|Any CPU.ActiveCfg = Release|Any CPU
		{866FBB8B-AA28-4BB2-8531-91EE8590C8FB}.Release|Any CPU.Build.0 = Release|Any CPU
	EndGlobalSection
	GlobalSection(SolutionProperties) = preSolution
		HideSolutionNode = FALSE
	EndGlobalSection
	GlobalSection(ExtensibilityGlobals) = postSolution
		SolutionGuid = {07D14CD5-DE7A-4890-89C4-A662076A90A3}
	EndGlobalSection
EndGlobal
